
Microsoft Visual Studio Solution File, Format Version 12.00
# Visual Studio 15
VisualStudioVersion = 15.0.28307.572
MinimumVisualStudioVersion = 10.0.40219.1
Project("{FAE04EC0-301F-11D3-BF4B-00C04F79EFBC}") = "SecurityApp", "SecurityApp\SecurityApp.csproj", "{84411F65-0E63-4723-90E1-4836EA9EE707}"
EndProject
Global
	GlobalSection(SolutionConfigurationPlatforms) = preSolution
		Debug|Any CPU = Debug|Any CPU
		Release|Any CPU = Release|Any CPU
	EndGlobalSection
	GlobalSection(ProjectConfigurationPlatforms) = postSolution
		{84411F65-0E63-4723-90E1-4836EA9EE707}.Debug|Any CPU.ActiveCfg = Debug|Any CPU
		{84411F65-0E63-4723-90E1-4836EA9EE707}.Debug|Any CPU.Build.0 = Debug|Any CPU
		{84411F65-0E63-4723-90E1-4836EA9EE707}.Release|Any CPU.ActiveCfg = Release|Any CPU
		{84411F65-0E63-4723-90E1-4836EA9EE707}.Release|Any CPU.Build.0 = Release|Any CPU
	EndGlobalSection
	GlobalSection(SolutionProperties) = preSolution
		HideSolutionNode = FALSE
	EndGlobalSection
	GlobalSection(ExtensibilityGlobals) = postSolution
		SolutionGuid = {24ED3C4B-78DA-4908-AE31-386337EA18E9}
	EndGlobalSection
EndGlobal
